Microsoft Visual Studio Solution File, Format Version 12.00
# Visual Studio 2012
Project("{FAE04EC0-301F-11D3-BF4B-00C04F79EFBC}") = "BardyBash", "BardyBash.csproj", "{FC2EFEFA-15F9-4FD5-AEDE-8D93835AF470}"
EndProject
Global
	GlobalSection(SolutionConfigurationPlatforms) = preSolution
	Debug|Any CPU = Debug|Any CPU
	ExportDebug|Any CPU = ExportDebug|Any CPU
	ExportRelease|Any CPU = ExportRelease|Any CPU
	EndGlobalSection
	GlobalSection(ProjectConfigurationPlatforms) = postSolution
		{FC2EFEFA-15F9-4FD5-AEDE-8D93835AF470}.Debug|Any CPU.ActiveCfg = Debug|Any CPU
		{FC2EFEFA-15F9-4FD5-AEDE-8D93835AF470}.Debug|Any CPU.Build.0 = Debug|Any CPU
		{FC2EFEFA-15F9-4FD5-AEDE-8D93835AF470}.ExportDebug|Any CPU.ActiveCfg = ExportDebug|Any CPU
		{FC2EFEFA-15F9-4FD5-AEDE-8D93835AF470}.ExportDebug|Any CPU.Build.0 = ExportDebug|Any CPU
		{FC2EFEFA-15F9-4FD5-AEDE-8D93835AF470}.ExportRelease|Any CPU.ActiveCfg = ExportRelease|Any CPU
		{FC2EFEFA-15F9-4FD5-AEDE-8D93835AF470}.ExportRelease|Any CPU.Build.0 = ExportRelease|Any CPU
	EndGlobalSection
EndGlobal
